
Microsoft Visual Studio Solution File, Format Version 12.00
# Visual Studio Version 17
VisualStudioVersion = 17.2.32616.157
MinimumVisualStudioVersion = 10.0.40219.1
Project("{FAE04EC0-301F-11D3-BF4B-00C04F79EFBC}") = "App_Guia.Android", "App_Guia.Android\App_Guia.Android.csproj", "{936D9529-A896-4850-81CF-58E888737E77}"
EndProject
Project("{FAE04EC0-301F-11D3-BF4B-00C04F79EFBC}") = "App_Guia", "App_Guia\App_Guia.csproj", "{EF11F2DA-DA11-4893-B923-21539F351D47}"
EndProject
Global
	GlobalSection(SolutionConfigurationPlatforms) = preSolution
		Debug|Any CPU = Debug|Any CPU
		Release|Any CPU = Release|Any CPU
	EndGlobalSection
	GlobalSection(ProjectConfigurationPlatforms) = postSolution
		{936D9529-A896-4850-81CF-58E888737E77}.Debug|Any CPU.ActiveCfg = Debug|Any CPU
		{936D9529-A896-4850-81CF-58E888737E77}.Debug|Any CPU.Build.0 = Debug|Any CPU
		{936D9529-A896-4850-81CF-58E888737E77}.Debug|Any CPU.Deploy.0 = Debug|Any CPU
		{936D9529-A896-4850-81CF-58E888737E77}.Release|Any CPU.ActiveCfg = Release|Any CPU
		{936D9529-A896-4850-81CF-58E888737E77}.Release|Any CPU.Build.0 = Release|Any CPU
		{936D9529-A896-4850-81CF-58E888737E77}.Release|Any CPU.Deploy.0 = Release|Any CPU
		{EF11F2DA-DA11-4893-B923-21539F351D47}.Debug|Any CPU.ActiveCfg = Debug|Any CPU
		{EF11F2DA-DA11-4893-B923-21539F351D47}.Debug|Any CPU.Build.0 = Debug|Any CPU
		{EF11F2DA-DA11-4893-B923-21539F351D47}.Debug|Any CPU.Deploy.0 = Debug|Any CPU
		{EF11F2DA-DA11-4893-B923-21539F351D47}.Release|Any CPU.ActiveCfg = Release|Any CPU
		{EF11F2DA-DA11-4893-B923-21539F351D47}.Release|Any CPU.Build.0 = Release|Any CPU
		{EF11F2DA-DA11-4893-B923-21539F351D47}.Release|Any CPU.Deploy.0 = Release|Any CPU
	EndGlobalSection
	GlobalSection(SolutionProperties) = preSolution
		HideSolutionNode = FALSE
	EndGlobalSection
	GlobalSection(ExtensibilityGlobals) = postSolution
		SolutionGuid = {526953C1-EA2B-4295-8C68-9230A1630E33}
	EndGlobalSection
EndGlobal
